
Microsoft Visual Studio Solution File, Format Version 12.00
# Visual Studio Version 17
VisualStudioVersion = 17.3.32922.545
MinimumVisualStudioVersion = 10.0.40219.1
Project("{FAE04EC0-301F-11D3-BF4B-00C04F79EFBC}") = "WebHost", "WebHost\WebHost.csproj", "{130DFDE4-7DCF-450C-8CF9-9D2DC32553F3}"
EndProject
Project("{FAE04EC0-301F-11D3-BF4B-00C04F79EFBC}") = "Validation", "Validation\Validation.csproj", "{F3D7B62E-D6F2-4601-9E72-17460698572A}"
EndProject
Global
	GlobalSection(SolutionConfigurationPlatforms) = preSolution
		Debug|Any CPU = Debug|Any CPU
		Release|Any CPU = Release|Any CPU
	EndGlobalSection
	GlobalSection(ProjectConfigurationPlatforms) = postSolution
		{130DFDE4-7DCF-450C-8CF9-9D2DC32553F3}.Debug|Any CPU.ActiveCfg = Debug|Any CPU
		{130DFDE4-7DCF-450C-8CF9-9D2DC32553F3}.Debug|Any CPU.Build.0 = Debug|Any CPU
		{130DFDE4-7DCF-450C-8CF9-9D2DC32553F3}.Release|Any CPU.ActiveCfg = Release|Any CPU
		{130DFDE4-7DCF-450C-8CF9-9D2DC32553F3}.Release|Any CPU.Build.0 = Release|Any CPU
		{F3D7B62E-D6F2-4601-9E72-17460698572A}.Debug|Any CPU.ActiveCfg = Debug|Any CPU
		{F3D7B62E-D6F2-4601-9E72-17460698572A}.Debug|Any CPU.Build.0 = Debug|Any CPU
		{F3D7B62E-D6F2-4601-9E72-17460698572A}.Release|Any CPU.ActiveCfg = Release|Any CPU
		{F3D7B62E-D6F2-4601-9E72-17460698572A}.Release|Any CPU.Build.0 = Release|Any CPU
	EndGlobalSection
	GlobalSection(SolutionProperties) = preSolution
		HideSolutionNode = FALSE
	EndGlobalSection
	GlobalSection(ExtensibilityGlobals) = postSolution
		SolutionGuid = {0CBD6674-5566-43E6-8726-5962AD99DFB6}
	EndGlobalSection
EndGlobal
